// !$*UTF8*$!
{
	archiveVersion = 1;
	classes = {
	};
	objectVersion = 50;
	objects = {

/* Begin PBXBuildFile section */
		224D45F92356CB700044BECE /* AppDelegate.swift in Sources */ = {isa = PBXBuildFile; fileRef = 224D45F82356CB700044BECE /* AppDelegate.swift */; };
		224D45FB2356CB700044BECE /* SceneDelegate.swift in Sources */ = {isa = PBXBuildFile; fileRef = 224D45FA2356CB700044BECE /* SceneDelegate.swift */; };
		224D45FE2356CB700044BECE /* todolist.xcdatamodeld in Sources */ = {isa = PBXBuildFile; fileRef = 224D45FC2356CB700044BECE /* todolist.xcdatamodeld */; };
		224D46002356CB700044BECE /* ContentView.swift in Sources */ = {isa = PBXBuildFile; fileRef = 224D45FF2356CB700044BECE /* ContentView.swift */; };
		224D46022356CB700044BECE /* Assets.xcassets in Resources */ = {isa = PBXBuildFile; fileRef = 224D46012356CB700044BECE /* Assets.xcassets */; };
		224D46052356CB700044BECE /* Preview Assets.xcassets in Resources */ = {isa = PBXBuildFile; fileRef = 224D46042356CB700044BECE /* Preview Assets.xcassets */; };
		224D46082356CB700044BECE /* LaunchScreen.storyboard in Resources */ = {isa = PBXBuildFile; fileRef = 224D46062356CB700044BECE /* LaunchScreen.storyboard */; };
		224D46122356D1E20044BECE /* Todoitem.swift in Sources */ = {isa = PBXBuildFile; fileRef = 224D46112356D1E20044BECE /* Todoitem.swift */; };
		224D46142357ABDA0044BECE /* ToDoitemView.swift in Sources */ = {isa = PBXBuildFile; fileRef = 224D46132357ABDA0044BECE /* ToDoitemView.swift */; };
/* End PBXBuildFile section */

/* Begin PBXFileReference section */
		224D45F52356CB700044BECE /* todolist.app */ = {isa = PBXFileReference; explicitFileType = wrapper.application; includeInIndex = 0; path = todolist.app; sourceTree = BUILT_PRODUCTS_DIR; };
		224D45F82356CB700044BECE /* AppDelegate.swift */ = {isa = PBXFileReference; lastKnownFileType = sourcecode.swift; path = AppDelegate.swift; sourceTree = "<group>"; };
		224D45FA2356CB700044BECE /* SceneDelegate.swift */ = {isa = PBXFileReference; lastKnownFileType = sourcecode.swift; path = SceneDelegate.swift; sourceTree = "<group>"; };
		224D45FD2356CB700044BECE /* todolist.xcdatamodel */ = {isa = PBXFileReference; lastKnownFileType = wrapper.xcdatamodel; path = todolist.xcdatamodel; sourceTree = "<group>"; };
		224D45FF2356CB700044BECE /* ContentView.swift */ = {isa = PBXFileReference; lastKnownFileType = sourcecode.swift; path = ContentView.swift; sourceTree = "<group>"; };
		224D46012356CB700044BECE /* Assets.xcassets */ = {isa = PBXFileReference; lastKnownFileType = folder.assetcatalog; path = Assets.xcassets; sourceTree = "<group>"; };
		224D46042356CB700044BECE /* Preview Assets.xcassets */ = {isa = PBXFileReference; lastKnownFileType = folder.assetcatalog; path = "Preview Assets.xcassets"; sourceTree = "<group>"; };
		224D46072356CB700044BECE /* Base */ = {isa = PBXFileReference; lastKnownFileType = file.storyboard; name = Base; path = Base.lproj/LaunchScreen.storyboard; sourceTree = "<group>"; };
		224D46092356CB700044BECE /* Info.plist */ = {isa = PBXFileReference; lastKnownFileType = text.plist.xml; path = Info.plist; sourceTree = "<group>"; };
		224D46112356D1E20044BECE /* Todoitem.swift */ = {isa = PBXFileReference; lastKnownFileType = sourcecode.swift; path = Todoitem.swift; sourceTree = "<group>"; };
		224D46132357ABDA0044BECE /* ToDoitemView.swift */ = {isa = PBXFileReference; lastKnownFileType = sourcecode.swift; path = ToDoitemView.swift; sourceTree = "<group>"; };
/* End PBXFileReference section */

/* Begin PBXFrameworksBuildPhase section */
		224D45F22356CB700044BECE /* Frameworks */ = {
			isa = PBXFrameworksBuildPhase;
			buildActionMask = 2147483647;
			files = (
			);
			runOnlyForDeploymentPostprocessing = 0;
		};
/* End PBXFrameworksBuildPhase section */

/* Begin PBXGroup section */
		224D45EC2356CB6F0044BECE = {
			isa = PBXGroup;
			children = (
				224D45F72356CB700044BECE /* todolist */,
				224D45F62356CB700044BECE /* Products */,
			);
			sourceTree = "<group>";
		};
		224D45F62356CB700044BECE /* Products */ = {
			isa = PBXGroup;
			children = (
				224D45F52356CB700044BECE /* todolist.app */,
			);
			name = Products;
			sourceTree = "<group>";
		};
		224D45F72356CB700044BECE /* todolist */ = {
			isa = PBXGroup;
			children = (
				224D45F82356CB700044BECE /* AppDelegate.swift */,
				224D45FA2356CB700044BECE /* SceneDelegate.swift */,
				224D45FF2356CB700044BECE /* ContentView.swift */,
				224D46132357ABDA0044BECE /* ToDoitemView.swift */,
				224D46112356D1E20044BECE /* Todoitem.swift */,
				224D46012356CB700044BECE /* Assets.xcassets */,
				224D46062356CB700044BECE /* LaunchScreen.storyboard */,
				224D46092356CB700044BECE /* Info.plist */,
				224D45FC2356CB700044BECE /* todolist.xcdatamodeld */,
				224D46032356CB700044BECE /* Preview Content */,
			);
			path = todolist;
			sourceTree = "<group>";
		};
		224D46032356CB700044BECE /* Preview Content */ = {
			isa = PBXGroup;
			children = (
				224D46042356CB700044BECE /* Preview Assets.xcassets */,
			);
			path = "Preview Content";
			sourceTree = "<group>";
		};
/* End PBXGroup section */

/* Begin PBXNativeTarget section */
		224D45F42356CB700044BECE /* todolist */ = {
			isa = PBXNativeTarget;
			buildConfigurationList = 224D460C2356CB700044BECE /* Build configuration list for PBXNativeTarget "todolist" */;
			buildPhases = (
				224D45F12356CB700044BECE /* Sources */,
				224D45F22356CB700044BECE /* Frameworks */,
				224D45F32356CB700044BECE /* Resources */,
			);
			buildRules = (
			);
			dependencies = (
			);
			name = todolist;
			productName = todolist;
			productReference = 224D45F52356CB700044BECE /* todolist.app */;
			productType = "com.apple.product-type.application";
		};
/* End PBXNativeTarget section */

/* Begin PBXProject section */
		224D45ED2356CB6F0044BECE /* Project object */ = {
			isa = PBXProject;
			attributes = {
				LastSwiftUpdateCheck = 1110;
				LastUpgradeCheck = 1110;
				ORGANIZATIONNAME = XIN;
				TargetAttributes = {
					224D45F42356CB700044BECE = {
						CreatedOnToolsVersion = 11.1;
					};
				};
			};
			buildConfigurationList = 224D45F02356CB6F0044BECE /* Build configuration list for PBXProject "todolist" */;
			compatibilityVersion = "Xcode 9.3";
			developmentRegion = en;
			hasScannedForEncodings = 0;
			knownRegions = (
				en,
				Base,
			);
			mainGroup = 224D45EC2356CB6F0044BECE;
			productRefGroup = 224D45F62356CB700044BECE /* Products */;
			projectDirPath = "";
			projectRoot = "";
			targets = (
				224D45F42356CB700044BECE /* todolist */,
			);
		};
/* End PBXProject section */

/* Begin PBXResourcesBuildPhase section */
		224D45F32356CB700044BECE /* Resources */ = {
			isa = PBXResourcesBuildPhase;
			buildActionMask = 2147483647;
			files = (
				224D46082356CB700044BECE /* LaunchScreen.storyboard in Resources */,
				224D46052356CB700044BECE /* Preview Assets.xcassets in Resources */,
				224D46022356CB700044BECE /* Assets.xcassets in Resources */,
			);
			runOnlyForDeploymentPostprocessing = 0;
		};
/* End PBXResourcesBuildPhase section */

/* Begin PBXSourcesBuildPhase section */
		224D45F12356CB700044BECE /* Sources */ = {
			isa = PBXSourcesBuildPhase;
			buildActionMask = 2147483647;
			files = (
				224D45FE2356CB700044BECE /* todolist.xcdatamodeld in Sources */,
				224D46142357ABDA0044BECE /* ToDoitemView.swift in Sources */,
				224D45F92356CB700044BECE /* AppDelegate.swift in Sources */,
				224D46002356CB700044BECE /* ContentView.swift in Sources */,
				224D46122356D1E20044BECE /* Todoitem.swift in Sources */,
				224D45FB2356CB700044BECE /* SceneDelegate.swift in Sources */,
			);
			runOnlyForDeploymentPostprocessing = 0;
		};
/* End PBXSourcesBuildPhase section */

/* Begin PBXVariantGroup section */
		224D46062356CB700044BECE /* LaunchScreen.storyboard */ = {
			isa = PBXVariantGroup;
			children = (
				224D46072356CB700044BECE /* Base */,
			);
			name = LaunchScreen.storyboard;
			sourceTree = "<group>";
		};
/* End PBXVariantGroup section */

/* Begin XCBuildConfiguration section */
		224D460A2356CB700044BECE /* Debug */ = {
			isa = XCBuildConfiguration;
			buildSettings = {
				ALWAYS_SEARCH_USER_PATHS = NO;
				CLANG_ANALYZER_NONNULL = YES;
				CLANG_ANALYZER_NUMBER_OBJECT_CONVERSION = YES_AGGRESSIVE;
				CLANG_CXX_LANGUAGE_STANDARD = "gnu++14";
				CLANG_CXX_LIBRARY = "libc++";
				CLANG_ENABLE_MODULES = YES;
				CLANG_ENABLE_OBJC_ARC = YES;
				CLANG_ENABLE_OBJC_WEAK = YES;
				CLANG_WARN_BLOCK_CAPTURE_AUTORELEASING = YES;
				CLANG_WARN_BOOL_CONVERSION = YES;
				CLANG_WARN_COMMA = YES;
				CLANG_WARN_CONSTANT_CONVERSION = YES;
				CLANG_WARN_DEPRECATED_OBJC_IMPLEMENTATIONS = YES;
				CLANG_WARN_DIRECT_OBJC_ISA_USAGE = YES_ERROR;
				CLANG_WARN_DOCUMENTATION_COMMENTS = YES;
				CLANG_WARN_EMPTY_BODY = YES;
				CLANG_WARN_ENUM_CONVERSION = YES;
				CLANG_WARN_INFINITE_RECURSION = YES;
				CLANG_WARN_INT_CONVERSION = YES;
				CLANG_WARN_NON_LITERAL_NULL_CONVERSION = YES;
				CLANG_WARN_OBJC_IMPLICIT_RETAIN_SELF = YES;
				CLANG_WARN_OBJC_LITERAL_CONVERSION = YES;
				CLANG_WARN_OBJC_ROOT_CLASS = YES_ERROR;
				CLANG_WARN_RANGE_LOOP_ANALYSIS = YES;
				CLANG_WARN_STRICT_PROTOTYPES = YES;
				CLANG_WARN_SUSPICIOUS_MOVE = YES;
				CLANG_WARN_UNGUARDED_AVAILABILITY = YES_AGGRESSIVE;
				CLANG_WARN_UNREACHABLE_CODE = YES;
				CLANG_WARN__DUPLICATE_METHOD_MATCH = YES;
				COPY_PHASE_STRIP = NO;
				DEBUG_INFORMATION_FORMAT = dwarf;
				ENABLE_STRICT_OBJC_MSGSEND = YES;
				ENABLE_TESTABILITY = YES;
				GCC_C_LANGUAGE_STANDARD = gnu11;
				GCC_DYNAMIC_NO_PIC = NO;
				GCC_NO_COMMON_BLOCKS = YES;
				GCC_OPTIMIZATION_LEVEL = 0;
				GCC_PREPROCESSOR_DEFINITIONS = (
					"DEBUG=1",
					"$(inherited)",
				);
				GCC_WARN_64_TO_32_BIT_CONVERSION = YES;
				GCC_WARN_ABOUT_RETURN_TYPE = YES_ERROR;
				GCC_WARN_UNDECLARED_SELECTOR = YES;
				GCC_WARN_UNINITIALIZED_AUTOS = YES_AGGRESSIVE;
				GCC_WARN_UNUSED_FUNCTION = YES;
				GCC_WARN_UNUSED_VARIABLE = YES;
				IPHONEOS_DEPLOYMENT_TARGET = 13.1;
				MTL_ENABLE_DEBUG_INFO = INCLUDE_SOURCE;
				MTL_FAST_MATH = YES;
				ONLY_ACTIVE_ARCH = YES;
				SDKROOT = iphoneos;
				SWIFT_ACTIVE_COMPILATION_CONDITIONS = DEBUG;
				SWIFT_OPTIMIZATION_LEVEL = "-Onone";
			};
			name = Debug;
		};
		224D460B2356CB700044BECE /* Release */ = {
			isa = XCBuildConfiguration;
			buildSettings = {
				ALWAYS_SEARCH_USER_PATHS = NO;
				CLANG_ANALYZER_NONNULL = YES;
				CLANG_ANALYZER_NUMBER_OBJECT_CONVERSION = YES_AGGRESSIVE;
				CLANG_CXX_LANGUAGE_STANDARD = "gnu++14";
				CLANG_CXX_LIBRARY = "libc++";
				CLANG_ENABLE_MODULES = YES;
				CLANG_ENABLE_OBJC_ARC = YES;
				CLANG_ENABLE_OBJC_WEAK = YES;
				CLANG_WARN_BLOCK_CAPTURE_AUTORELEASING = YES;
				CLANG_WARN_BOOL_CONVERSION = YES;
				CLANG_WARN_COMMA = YES;
				CLANG_WARN_CONSTANT_CONVERSION = YES;
				CLANG_WARN_DEPRECATED_OBJC_IMPLEMENTATIONS = YES;
				CLANG_WARN_DIRECT_OBJC_ISA_USAGE = YES_ERROR;
				CLANG_WARN_DOCUMENTATION_COMMENTS = YES;
				CLANG_WARN_EMPTY_BODY = YES;
				CLANG_WARN_ENUM_CONVERSION = YES;
				CLANG_WARN_INFINITE_RECURSION = YES;
				CLANG_WARN_INT_CONVERSION = YES;
				CLANG_WARN_NON_LITERAL_NULL_CONVERSION = YES;
				CLANG_WARN_OBJC_IMPLICIT_RETAIN_SELF = YES;
				CLANG_WARN_OBJC_LITERAL_CONVERSION = YES;
				CLANG_WARN_OBJC_ROOT_CLASS = YES_ERROR;
				CLANG_WARN_RANGE_LOOP_ANALYSIS = YES;
				CLANG_WARN_STRICT_PROTOTYPES = YES;
				CLANG_WARN_SUSPICIOUS_MOVE = YES;
				CLANG_WARN_UNGUARDED_AVAILABILITY = YES_AGGRESSIVE;
				CLANG_WARN_UNREACHABLE_CODE = YES;
				CLANG_WARN__DUPLICATE_METHOD_MATCH = YES;
				COPY_PHASE_STRIP = NO;
				DEBUG_INFORMATION_FORMAT = "dwarf-with-dsym";
				ENABLE_NS_ASSERTIONS = NO;
				ENABLE_STRICT_OBJC_MSGSEND = YES;
				GCC_C_LANGUAGE_STANDARD = gnu11;
				GCC_NO_COMMON_BLOCKS = YES;
				GCC_WARN_64_TO_32_BIT_CONVERSION = YES;
				GCC_WARN_ABOUT_RETURN_TYPE = YES_ERROR;
				GCC_WARN_UNDECLARED_SELECTOR = YES;
				GCC_WARN_UNINITIALIZED_AUTOS = YES_AGGRESSIVE;
				GCC_WARN_UNUSED_FUNCTION = YES;
				GCC_WARN_UNUSED_VARIABLE = YES;
				IPHONEOS_DEPLOYMENT_TARGET = 13.1;
				MTL_ENABLE_DEBUG_INFO = NO;
				MTL_FAST_MATH = YES;
				SDKROOT = iphoneos;
				SWIFT_COMPILATION_MODE = wholemodule;
				SWIFT_OPTIMIZATION_LEVEL = "-O";
				VALIDATE_PRODUCT = YES;
			};
			name = Release;
		};
		224D460D2356CB700044BECE /* Debug */ = {
			isa = XCBuildConfiguration;
			buildSettings = {
				ASSETCATALOG_COMPILER_APPICON_NAME = AppIcon;
				CODE_SIGN_STYLE = Automatic;
				DEVELOPMENT_ASSET_PATHS = "\"todolist/Preview Content\"";
				DEVELOPMENT_TEAM = CA6PY2LF2K;
				ENABLE_PREVIEWS = YES;
				INFOPLIST_FILE = todolist/Info.plist;
				LD_RUNPATH_SEARCH_PATHS = (
					"$(inherited)",
					"@executable_path/Frameworks",
				);
				PRODUCT_BUNDLE_IDENTIFIER = com.yxinghang.todolist;
				PRODUCT_NAME = "$(TARGET_NAME)";
				SWIFT_VERSION = 5.0;
				TARGETED_DEVICE_FAMILY = "1,2";
			};
			name = Debug;
		};
		224D460E2356CB700044BECE /* Release */ = {
			isa = XCBuildConfiguration;
			buildSettings = {
				ASSETCATALOG_COMPILER_APPICON_NAME = AppIcon;
				CODE_SIGN_STYLE = Automatic;
				DEVELOPMENT_ASSET_PATHS = "\"todolist/Preview Content\"";
				DEVELOPMENT_TEAM = CA6PY2LF2K;
				ENABLE_PREVIEWS = YES;
				INFOPLIST_FILE = todolist/Info.plist;
				LD_RUNPATH_SEARCH_PATHS = (
					"$(inherited)",
					"@executable_path/Frameworks",
				);
				PRODUCT_BUNDLE_IDENTIFIER = com.yxinghang.todolist;
				PRODUCT_NAME = "$(TARGET_NAME)";
				SWIFT_VERSION = 5.0;
				TARGETED_DEVICE_FAMILY = "1,2";
			};
			name = Release;
		};
/* End XCBuildConfiguration section */

/* Begin XCConfigurationList section */
		224D45F02356CB6F0044BECE /* Build configuration list for PBXProject "todolist" */ = {
			isa = XCConfigurationList;
			buildConfigurations = (
				224D460A2356CB700044BECE /* Debug */,
				224D460B2356CB700044BECE /* Release */,
			);
			defaultConfigurationIsVisible = 0;
			defaultConfigurationName = Release;
		};
		224D460C2356CB700044BECE /* Build configuration list for PBXNativeTarget "todolist" */ = {
			isa = XCConfigurationList;
			buildConfigurations = (
				224D460D2356CB700044BECE /* Debug */,
				224D460E2356CB700044BECE /* Release */,
			);
			defaultConfigurationIsVisible = 0;
			defaultConfigurationName = Release;
		};
/* End XCConfigurationList section */

/* Begin XCVersionGroup section */
		224D45FC2356CB700044BECE /* todolist.xcdatamodeld */ = {
			isa = XCVersionGroup;
			children = (
				224D45FD2356CB700044BECE /* todolist.xcdatamodel */,
			);
			currentVersion = 224D45FD2356CB700044BECE /* todolist.xcdatamodel */;
			path = todolist.xcdatamodeld;
			sourceTree = "<group>";
			versionGroupType = wrapper.xcdatamodel;
		};
/* End XCVersionGroup section */
	};
	rootObject = 224D45ED2356CB6F0044BECE /* Project object */;
}
